{
  "name": "pratjs",
  "version": "1.0.2",
  "lockfileVersion": 2,
  "requires": true,
  "packages": {
    "": {
      "name": "pratjs",
      "version": "1.0.2",
      "license": "ISC",
      "devDependencies": {
        "@types/node": "^18.7.6",
        "@types/prompt": "^1.1.2"
      }
    },
    "node_modules/@types/node": {
      "version": "18.7.6",
      "resolved": "https://registry.npmjs.org/@types/node/-/node-18.7.6.tgz",
      "integrity": "sha512-EdxgKRXgYsNITy5mjjXjVE/CS8YENSdhiagGrLqjG0pvA2owgJ6i4l7wy/PFZGC0B1/H20lWKN7ONVDNYDZm7A==",
      "dev": true
    },
    "node_modules/@types/prompt": {
      "version": "1.1.2",
      "resolved": "https://registry.npmjs.org/@types/prompt/-/prompt-1.1.2.tgz",
      "integrity": "sha512-Zc9YzOvjAWxxGY7qo0Q6yINMVVspAa4p68UCzucWMU+GaPujpjwbOwzI38s7Jq01k0GztzLxXlRiFcZf/aeIWA==",
      "dev": true,
      "dependencies": {
        "@types/node": "*",
        "@types/revalidator": "*"
      }
    },
    "node_modules/@types/revalidator": {
      "version": "0.3.8",
      "resolved": "https://registry.npmjs.org/@types/revalidator/-/revalidator-0.3.8.tgz",
      "integrity": "sha512-q6KSi3PklLGQ0CesZ/XuLwly4DXXlnJuucYOG9lrBqrP8rKiuPZThav2h2+pFjaheNpnT0qKK3i304QWIePeJw==",
      "dev": true
    }
  },
  "dependencies": {
    "@types/node": {
      "version": "18.7.6",
      "resolved": "https://registry.npmjs.org/@types/node/-/node-18.7.6.tgz",
      "integrity": "sha512-EdxgKRXgYsNITy5mjjXjVE/CS8YENSdhiagGrLqjG0pvA2owgJ6i4l7wy/PFZGC0B1/H20lWKN7ONVDNYDZm7A==",
      "dev": true
    },
    "@types/prompt": {
      "version": "1.1.2",
      "resolved": "https://registry.npmjs.org/@types/prompt/-/prompt-1.1.2.tgz",
      "integrity": "sha512-Zc9YzOvjAWxxGY7qo0Q6yINMVVspAa4p68UCzucWMU+GaPujpjwbOwzI38s7Jq01k0GztzLxXlRiFcZf/aeIWA==",
      "dev": true,
      "requires": {
        "@types/node": "*",
        "@types/revalidator": "*"
      }
    },
    "@types/revalidator": {
      "version": "0.3.8",
      "resolved": "https://registry.npmjs.org/@types/revalidator/-/revalidator-0.3.8.tgz",
      "integrity": "sha512-q6KSi3PklLGQ0CesZ/XuLwly4DXXlnJuucYOG9lrBqrP8rKiuPZThav2h2+pFjaheNpnT0qKK3i304QWIePeJw==",
      "dev": true
    }
  }
}
